
Microsoft Visual Studio Solution File, Format Version 12.00
# Visual Studio Version 17
VisualStudioVersion = 17.5.33424.131
MinimumVisualStudioVersion = 10.0.40219.1
Project("{9A19103F-16F7-4668-BE54-9A1E7A4F7556}") = "WpfLearning", "WpfLearning\WpfLearning.csproj", "{1F02D2D2-5820-4BFD-9D75-CCAEFDEE2678}"
EndProject
Project("{FAE04EC0-301F-11D3-BF4B-00C04F79EFBC}") = "shopRestfullAPI", "shopRestfullAPI\shopRestfullAPI.csproj", "{AFF109B2-7F04-4077-9A73-2506167871EE}"
EndProject
Global
	GlobalSection(SolutionConfigurationPlatforms) = preSolution
		Debug|Any CPU = Debug|Any CPU
		Release|Any CPU = Release|Any CPU
	EndGlobalSection
	GlobalSection(ProjectConfigurationPlatforms) = postSolution
		{1F02D2D2-5820-4BFD-9D75-CCAEFDEE2678}.Debug|Any CPU.ActiveCfg = Debug|Any CPU
		{1F02D2D2-5820-4BFD-9D75-CCAEFDEE2678}.Debug|Any CPU.Build.0 = Debug|Any CPU
		{1F02D2D2-5820-4BFD-9D75-CCAEFDEE2678}.Release|Any CPU.ActiveCfg = Release|Any CPU
		{1F02D2D2-5820-4BFD-9D75-CCAEFDEE2678}.Release|Any CPU.Build.0 = Release|Any CPU
		{AFF109B2-7F04-4077-9A73-2506167871EE}.Debug|Any CPU.ActiveCfg = Debug|Any CPU
		{AFF109B2-7F04-4077-9A73-2506167871EE}.Debug|Any CPU.Build.0 = Debug|Any CPU
		{AFF109B2-7F04-4077-9A73-2506167871EE}.Release|Any CPU.ActiveCfg = Release|Any CPU
		{AFF109B2-7F04-4077-9A73-2506167871EE}.Release|Any CPU.Build.0 = Release|Any CPU
	EndGlobalSection
	GlobalSection(SolutionProperties) = preSolution
		HideSolutionNode = FALSE
	EndGlobalSection
	GlobalSection(ExtensibilityGlobals) = postSolution
		SolutionGuid = {EF6656BF-1BD7-4092-B4E4-CEA7BC0A228B}
	EndGlobalSection
EndGlobal
