
Microsoft Visual Studio Solution File, Format Version 12.00
# Visual Studio Version 17
VisualStudioVersion = 17.6.33815.320
MinimumVisualStudioVersion = 10.0.40219.1
Project("{FAE04EC0-301F-11D3-BF4B-00C04F79EFBC}") = "TimerDemo.ConsoleUI", "TimerDermo.ConsoleUI\TimerDemo.ConsoleUI.csproj", "{463FB184-B9CC-49E2-B89F-8790817E70CE}"
EndProject
Global
	GlobalSection(SolutionConfigurationPlatforms) = preSolution
		Debug|Any CPU = Debug|Any CPU
		Release|Any CPU = Release|Any CPU
	EndGlobalSection
	GlobalSection(ProjectConfigurationPlatforms) = postSolution
		{463FB184-B9CC-49E2-B89F-8790817E70CE}.Debug|Any CPU.ActiveCfg = Debug|Any CPU
		{463FB184-B9CC-49E2-B89F-8790817E70CE}.Debug|Any CPU.Build.0 = Debug|Any CPU
		{463FB184-B9CC-49E2-B89F-8790817E70CE}.Release|Any CPU.ActiveCfg = Release|Any CPU
		{463FB184-B9CC-49E2-B89F-8790817E70CE}.Release|Any CPU.Build.0 = Release|Any CPU
	EndGlobalSection
	GlobalSection(SolutionProperties) = preSolution
		HideSolutionNode = FALSE
	EndGlobalSection
	GlobalSection(ExtensibilityGlobals) = postSolution
		SolutionGuid = {6B14C33A-0249-4F2D-A3ED-1EDD8CB809F3}
	EndGlobalSection
EndGlobal
