
Microsoft Visual Studio Solution File, Format Version 12.00
# Visual Studio Version 17
VisualStudioVersion = 17.5.33424.131
MinimumVisualStudioVersion = 10.0.40219.1
Project("{FAE04EC0-301F-11D3-BF4B-00C04F79EFBC}") = "LearningWinForms", "LearningWinForms\LearningWinForms.csproj", "{2CD75B65-DBB7-45B6-BE27-0BF9EE6690F0}"
EndProject
Global
	GlobalSection(SolutionConfigurationPlatforms) = preSolution
		Debug|Any CPU = Debug|Any CPU
		Release|Any CPU = Release|Any CPU
	EndGlobalSection
	GlobalSection(ProjectConfigurationPlatforms) = postSolution
		{2CD75B65-DBB7-45B6-BE27-0BF9EE6690F0}.Debug|Any CPU.ActiveCfg = Debug|Any CPU
		{2CD75B65-DBB7-45B6-BE27-0BF9EE6690F0}.Debug|Any CPU.Build.0 = Debug|Any CPU
		{2CD75B65-DBB7-45B6-BE27-0BF9EE6690F0}.Release|Any CPU.ActiveCfg = Release|Any CPU
		{2CD75B65-DBB7-45B6-BE27-0BF9EE6690F0}.Release|Any CPU.Build.0 = Release|Any CPU
	EndGlobalSection
	GlobalSection(SolutionProperties) = preSolution
		HideSolutionNode = FALSE
	EndGlobalSection
	GlobalSection(ExtensibilityGlobals) = postSolution
		SolutionGuid = {7262E552-E849-4935-8F95-39E32E64A01F}
	EndGlobalSection
EndGlobal
