
Microsoft Visual Studio Solution File, Format Version 12.00
# Visual Studio Version 17
VisualStudioVersion = 17.5.33516.290
MinimumVisualStudioVersion = 10.0.40219.1
Project("{FAE04EC0-301F-11D3-BF4B-00C04F79EFBC}") = "OfficeIntegrationDemo", "OfficeIntegrationDemo\OfficeIntegrationDemo.csproj", "{EF2AD360-21D0-4DAB-A54E-7E617B03208A}"
EndProject
Project("{FAE04EC0-301F-11D3-BF4B-00C04F79EFBC}") = "OfficeHelper", "OfficeHelper\OfficeHelper.csproj", "{EBADAFF2-091B-40A4-BB89-0D93518CD37F}"
EndProject
Global
	GlobalSection(SolutionConfigurationPlatforms) = preSolution
		Debug|Any CPU = Debug|Any CPU
		Release|Any CPU = Release|Any CPU
	EndGlobalSection
	GlobalSection(ProjectConfigurationPlatforms) = postSolution
		{EF2AD360-21D0-4DAB-A54E-7E617B03208A}.Debug|Any CPU.ActiveCfg = Debug|Any CPU
		{EF2AD360-21D0-4DAB-A54E-7E617B03208A}.Debug|Any CPU.Build.0 = Debug|Any CPU
		{EF2AD360-21D0-4DAB-A54E-7E617B03208A}.Release|Any CPU.ActiveCfg = Release|Any CPU
		{EF2AD360-21D0-4DAB-A54E-7E617B03208A}.Release|Any CPU.Build.0 = Release|Any CPU
		{EBADAFF2-091B-40A4-BB89-0D93518CD37F}.Debug|Any CPU.ActiveCfg = Debug|Any CPU
		{EBADAFF2-091B-40A4-BB89-0D93518CD37F}.Debug|Any CPU.Build.0 = Debug|Any CPU
		{EBADAFF2-091B-40A4-BB89-0D93518CD37F}.Release|Any CPU.ActiveCfg = Release|Any CPU
		{EBADAFF2-091B-40A4-BB89-0D93518CD37F}.Release|Any CPU.Build.0 = Release|Any CPU
	EndGlobalSection
	GlobalSection(SolutionProperties) = preSolution
		HideSolutionNode = FALSE
	EndGlobalSection
	GlobalSection(ExtensibilityGlobals) = postSolution
		SolutionGuid = {EDD07C4D-A5EF-4DE6-BF22-35183DBDBA3D}
	EndGlobalSection
EndGlobal
